<?xml version="1.0" encoding="utf-8"?>
<Project ToolsVersion="4.0" xmlns="http://schemas.microsoft.com/developer/msbuild/2003">
  <ItemGroup>
    <Filter Include="Исходные файлы">
      <UniqueIdentifier>{4FC737F1-C7A5-4376-A066-2A32D752A2FF}</UniqueIdentifier>
      <Extensions>cpp;c;cc;cxx;c++;cppm;ixx;def;odl;idl;hpj;bat;asm;asmx</Extensions>
    </Filter>
    <Filter Include="Файлы заголовков">
      <UniqueIdentifier>{93995380-89BD-4b04-88EB-625FBE52EBFB}</UniqueIdentifier>
      <Extensions>h;hh;hpp;hxx;h++;hm;inl;inc;ipp;xsd</Extensions>
    </Filter>
    <Filter Include="Файлы ресурсов">
      <UniqueIdentifier>{67DA6AB6-F800-4c08-8B7A-83BB121AAD01}</UniqueIdentifier>
      <Extensions>rc;ico;cur;bmp;dlg;rc2;rct;bin;rgs;gif;jpg;jpeg;jpe;resx;tiff;tif;png;wav;mfcribbon-ms</Extensions>
    </Filter>
    <Filter Include="Sequence">
      <UniqueIdentifier>{0263d266-4770-4d4b-9520-52922f79cf8e}</UniqueIdentifier>
    </Filter>
    <Filter Include="Tree">
      <UniqueIdentifier>{f3245d67-da33-4d0d-af65-63513dcda28e}</UniqueIdentifier>
    </Filter>
    <Filter Include="Main">
      <UniqueIdentifier>{a2fd93cb-651c-4365-a5c9-3cb33893dc7d}</UniqueIdentifier>
    </Filter>
    <Filter Include="IIterators">
      <UniqueIdentifier>{f289de49-c7ad-4ffb-81e9-8f8b306cd6c6}</UniqueIdentifier>
    </Filter>
    <Filter Include="Collection">
      <UniqueIdentifier>{38cbf218-1093-413e-bd58-fbd68839d938}</UniqueIdentifier>
    </Filter>
    <Filter Include="DataTypes">
      <UniqueIdentifier>{bc835672-4b05-4ac9-8029-c69562e4aa45}</UniqueIdentifier>
    </Filter>
  </ItemGroup>
  <ItemGroup>
    <ClCompile Include="IndexOutOfRange.cpp">
      <Filter>Исходные файлы</Filter>
    </ClCompile>
    <ClCompile Include="Vector.cpp">
      <Filter>Исходные файлы</Filter>
    </ClCompile>
    <ClCompile Include="PermutationGenerator.cpp">
      <Filter>Исходные файлы</Filter>
    </ClCompile>
    <ClCompile Include="Stack.cpp">
      <Filter>Исходные файлы</Filter>
    </ClCompile>
    <ClCompile Include="ArraySequence.cpp">
      <Filter>Sequence</Filter>
    </ClCompile>
    <ClCompile Include="LinkedListSequence.cpp">
      <Filter>Sequence</Filter>
    </ClCompile>
    <ClCompile Include="ITree.cpp">
      <Filter>Tree</Filter>
    </ClCompile>
    <ClCompile Include="BinaryTree.cpp">
      <Filter>Tree</Filter>
    </ClCompile>
    <ClCompile Include="NAryTree.cpp">
      <Filter>Tree</Filter>
    </ClCompile>
    <ClCompile Include="main.cpp">
      <Filter>Main</Filter>
    </ClCompile>
    <ClCompile Include="Educator.cpp">
      <Filter>DataTypes</Filter>
    </ClCompile>
    <ClCompile Include="Person.cpp">
      <Filter>DataTypes</Filter>
    </ClCompile>
    <ClCompile Include="Student.cpp">
      <Filter>DataTypes</Filter>
    </ClCompile>
  </ItemGroup>
  <ItemGroup>
    <ClInclude Include="IndexOutOfRange.h">
      <Filter>Файлы заголовков</Filter>
    </ClInclude>
    <ClInclude Include="resource.h">
      <Filter>Файлы заголовков</Filter>
    </ClInclude>
    <ClInclude Include="Vector.h">
      <Filter>Файлы заголовков</Filter>
    </ClInclude>
    <ClInclude Include="NumberTheory.h">
      <Filter>Файлы заголовков</Filter>
    </ClInclude>
    <ClInclude Include="PermutationGenerator.h">
      <Filter>Файлы заголовков</Filter>
    </ClInclude>
    <ClInclude Include="Stack.h">
      <Filter>Файлы заголовков</Filter>
    </ClInclude>
    <ClInclude Include="HanoiTowers.h">
      <Filter>Файлы заголовков</Filter>
    </ClInclude>
    <ClInclude Include="ArraySequence.h">
      <Filter>Sequence</Filter>
    </ClInclude>
    <ClInclude Include="LinkedListSequence.h">
      <Filter>Sequence</Filter>
    </ClInclude>
    <ClInclude Include="ITree.h">
      <Filter>Tree</Filter>
    </ClInclude>
    <ClInclude Include="BinaryTree.h">
      <Filter>Tree</Filter>
    </ClInclude>
    <ClInclude Include="NAryTree.h">
      <Filter>Tree</Filter>
    </ClInclude>
    <ClInclude Include="IIterator.h">
      <Filter>IIterators</Filter>
    </ClInclude>
    <ClInclude Include="IConstIterator.h">
      <Filter>IIterators</Filter>
    </ClInclude>
    <ClInclude Include="ICollection.h">
      <Filter>Collection</Filter>
    </ClInclude>
    <ClInclude Include="LinkedList.h">
      <Filter>Collection</Filter>
    </ClInclude>
    <ClInclude Include="Educator.h">
      <Filter>DataTypes</Filter>
    </ClInclude>
    <ClInclude Include="Option.h">
      <Filter>DataTypes</Filter>
    </ClInclude>
    <ClInclude Include="Person.h">
      <Filter>DataTypes</Filter>
    </ClInclude>
    <ClInclude Include="Student.h">
      <Filter>DataTypes</Filter>
    </ClInclude>
    <ClInclude Include="DynamicArray.h">
      <Filter>Collection</Filter>
    </ClInclude>
    <ClInclude Include="DynamicArray_realization.h">
      <Filter>Collection</Filter>
    </ClInclude>
    <ClInclude Include="LinkedList_realization.h">
      <Filter>Collection</Filter>
    </ClInclude>
    <ClInclude Include="ISequence.h">
      <Filter>Sequence</Filter>
    </ClInclude>
  </ItemGroup>
  <ItemGroup>
    <ResourceCompile Include="Try3.rc">
      <Filter>Файлы ресурсов</Filter>
    </ResourceCompile>
  </ItemGroup>
  <ItemGroup>
    <None Include="ClassDiagram.cd" />
  </ItemGroup>
</Project>